
Microsoft Visual Studio Solution File, Format Version 12.00
# Visual Studio Version 17
VisualStudioVersion = 17.7.34024.191
MinimumVisualStudioVersion = 10.0.40219.1
Project("{FAE04EC0-301F-11D3-BF4B-00C04F79EFBC}") = "password_generator_2.0", "password_generator_2.0.csproj", "{34BC84B8-E925-43E8-A3C8-D92978E3B10A}"
EndProject
Global
	GlobalSection(SolutionConfigurationPlatforms) = preSolution
		Debug|Any CPU = Debug|Any CPU
		Release|Any CPU = Release|Any CPU
	EndGlobalSection
	GlobalSection(ProjectConfigurationPlatforms) = postSolution
		{34BC84B8-E925-43E8-A3C8-D92978E3B10A}.Debug|Any CPU.ActiveCfg = Debug|Any CPU
		{34BC84B8-E925-43E8-A3C8-D92978E3B10A}.Debug|Any CPU.Build.0 = Debug|Any CPU
		{34BC84B8-E925-43E8-A3C8-D92978E3B10A}.Release|Any CPU.ActiveCfg = Release|Any CPU
		{34BC84B8-E925-43E8-A3C8-D92978E3B10A}.Release|Any CPU.Build.0 = Release|Any CPU
	EndGlobalSection
	GlobalSection(SolutionProperties) = preSolution
		HideSolutionNode = FALSE
	EndGlobalSection
	GlobalSection(ExtensibilityGlobals) = postSolution
		SolutionGuid = {C5D7D3B3-1A3E-497A-9B44-FE22710DF981}
	EndGlobalSection
EndGlobal
